
Microsoft Visual Studio Solution File, Format Version 12.00
# Visual Studio Version 16
VisualStudioVersion = 16.0.809.10
MinimumVisualStudioVersion = 10.0.40219.1
Project("{FAE04EC0-301F-11D3-BF4B-00C04F79EFBC}") = "Passwordless", "Passwordless\Passwordless.csproj", "{D81DD149-EB3D-4803-93E3-AF00E479706E}"
EndProject
Global
	GlobalSection(SolutionConfigurationPlatforms) = preSolution
		Debug|Any CPU = Debug|Any CPU
		Release|Any CPU = Release|Any CPU
	EndGlobalSection
	GlobalSection(ProjectConfigurationPlatforms) = postSolution
		{D81DD149-EB3D-4803-93E3-AF00E479706E}.Debug|Any CPU.ActiveCfg = Debug|Any CPU
		{D81DD149-EB3D-4803-93E3-AF00E479706E}.Debug|Any CPU.Build.0 = Debug|Any CPU
		{D81DD149-EB3D-4803-93E3-AF00E479706E}.Release|Any CPU.ActiveCfg = Release|Any CPU
		{D81DD149-EB3D-4803-93E3-AF00E479706E}.Release|Any CPU.Build.0 = Release|Any CPU
	EndGlobalSection
	GlobalSection(SolutionProperties) = preSolution
		HideSolutionNode = FALSE
	EndGlobalSection
	GlobalSection(ExtensibilityGlobals) = postSolution
		SolutionGuid = {67947152-D86D-4BE9-A4EB-CB1518953D39}
	EndGlobalSection
EndGlobal
